
Microsoft Visual Studio Solution File, Format Version 12.00
# Visual Studio Version 17
VisualStudioVersion = 17.7.34202.233
MinimumVisualStudioVersion = 10.0.40219.1
Project("{FAE04EC0-301F-11D3-BF4B-00C04F79EFBC}") = "HotelBooking", "HotelBooking\HotelBooking.csproj", "{0D7A5A80-374B-48DC-BA6A-465F015EF5D5}"
EndProject
Global
	GlobalSection(SolutionConfigurationPlatforms) = preSolution
		Debug|Any CPU = Debug|Any CPU
		Release|Any CPU = Release|Any CPU
	EndGlobalSection
	GlobalSection(ProjectConfigurationPlatforms) = postSolution
		{0D7A5A80-374B-48DC-BA6A-465F015EF5D5}.Debug|Any CPU.ActiveCfg = Debug|Any CPU
		{0D7A5A80-374B-48DC-BA6A-465F015EF5D5}.Debug|Any CPU.Build.0 = Debug|Any CPU
		{0D7A5A80-374B-48DC-BA6A-465F015EF5D5}.Release|Any CPU.ActiveCfg = Release|Any CPU
		{0D7A5A80-374B-48DC-BA6A-465F015EF5D5}.Release|Any CPU.Build.0 = Release|Any CPU
	EndGlobalSection
	GlobalSection(SolutionProperties) = preSolution
		HideSolutionNode = FALSE
	EndGlobalSection
	GlobalSection(ExtensibilityGlobals) = postSolution
		SolutionGuid = {008746D9-8882-4163-8DB5-87BB30084E63}
	EndGlobalSection
EndGlobal
